
Microsoft Visual Studio Solution File, Format Version 12.00
# Visual Studio Version 16
VisualStudioVersion = 25.0.1706.6
MinimumVisualStudioVersion = 10.0.40219.1
Project("{2150E333-8FDC-42A3-9474-1A3956D46DE8}") = "FrontEnd", "FrontEnd", "{A33BB951-73A0-495C-8B37-7E246B69D879}"
EndProject
Project("{2150E333-8FDC-42A3-9474-1A3956D46DE8}") = "Gateway", "Gateway", "{E29E4E7F-D811-41F2-86AB-08403CCAD14D}"
EndProject
Project("{2150E333-8FDC-42A3-9474-1A3956D46DE8}") = "Integration", "Integration", "{5A717DD5-DAE1-4C76-BA6F-E60438703E3B}"
EndProject
Project("{2150E333-8FDC-42A3-9474-1A3956D46DE8}") = "Services", "Services", "{14444E2E-1035-4AB1-BB56-ADE4223D419C}"
EndProject
Project("{FAE04EC0-301F-11D3-BF4B-00C04F79EFBC}") = "Mango.Web", "Mango.Web\Mango.Web.csproj", "{86D7F198-971D-4DEA-BF22-6BBEE9D14490}"
EndProject
Project("{FAE04EC0-301F-11D3-BF4B-00C04F79EFBC}") = "Mango.Services.CouponAPI", "Mango.Services.CouponAPI\Mango.Services.CouponAPI.csproj", "{7000C090-DFD9-4E11-88B6-7B97CA1F989A}"
EndProject
Project("{FAE04EC0-301F-11D3-BF4B-00C04F79EFBC}") = "Mango.Services.AuthAPI", "Mango.Services.AuthAPI\Mango.Services.AuthAPI.csproj", "{82242E6E-6965-47A3-ADDC-657A5C81DCE4}"
EndProject
Project("{FAE04EC0-301F-11D3-BF4B-00C04F79EFBC}") = "Mango.Services.ProductAPI", "Mango.Services.ProductAPI\Mango.Services.ProductAPI.csproj", "{D50926C6-912D-42AD-B7FF-2F0B5AD6E010}"
EndProject
Project("{FAE04EC0-301F-11D3-BF4B-00C04F79EFBC}") = "Mongo.Services.ShoppingCartAPI", "Mongo.Services.ShoppingCartAPI\Mongo.Services.ShoppingCartAPI.csproj", "{389DE230-0091-4CC2-9E5D-9B3849B3C672}"
EndProject
Project("{FAE04EC0-301F-11D3-BF4B-00C04F79EFBC}") = "Mango.MessageBus", "Mango.MessageBus\Mango.MessageBus.csproj", "{B4964610-5FDB-487E-81D4-C57DFE38F3E5}"
EndProject
Project("{FAE04EC0-301F-11D3-BF4B-00C04F79EFBC}") = "Mango.Services.EmailAPI", "Mango.Services.EmailAPI\Mango.Services.EmailAPI.csproj", "{9428B6D7-D954-4481-91EE-A382132F555B}"
EndProject
Project("{FAE04EC0-301F-11D3-BF4B-00C04F79EFBC}") = "Mango.Services.OrderAPI", "Mango.Services.OrderAPI\Mango.Services.OrderAPI.csproj", "{C9F962DC-1DBC-4837-A667-AE1DEF426EA3}"
EndProject
Project("{FAE04EC0-301F-11D3-BF4B-00C04F79EFBC}") = "Mango.Services.RewardAPI", "Mango.Services.RewardAPI\Mango.Services.RewardAPI.csproj", "{DD43168A-D9C0-4F70-933B-78C91D3A7884}"
EndProject
Project("{FAE04EC0-301F-11D3-BF4B-00C04F79EFBC}") = "Mango.GatewaySolution", "Mango.GatewaySolution\Mango.GatewaySolution.csproj", "{4C370788-8B7C-4E3A-9BB4-96EEDE993D9D}"
EndProject
Global
	GlobalSection(SolutionConfigurationPlatforms) = preSolution
		Debug|Any CPU = Debug|Any CPU
		Release|Any CPU = Release|Any CPU
	EndGlobalSection
	GlobalSection(ProjectConfigurationPlatforms) = postSolution
		{86D7F198-971D-4DEA-BF22-6BBEE9D14490}.Debug|Any CPU.ActiveCfg = Debug|Any CPU
		{86D7F198-971D-4DEA-BF22-6BBEE9D14490}.Debug|Any CPU.Build.0 = Debug|Any CPU
		{86D7F198-971D-4DEA-BF22-6BBEE9D14490}.Release|Any CPU.ActiveCfg = Release|Any CPU
		{86D7F198-971D-4DEA-BF22-6BBEE9D14490}.Release|Any CPU.Build.0 = Release|Any CPU
		{7000C090-DFD9-4E11-88B6-7B97CA1F989A}.Debug|Any CPU.ActiveCfg = Debug|Any CPU
		{7000C090-DFD9-4E11-88B6-7B97CA1F989A}.Debug|Any CPU.Build.0 = Debug|Any CPU
		{7000C090-DFD9-4E11-88B6-7B97CA1F989A}.Release|Any CPU.ActiveCfg = Release|Any CPU
		{7000C090-DFD9-4E11-88B6-7B97CA1F989A}.Release|Any CPU.Build.0 = Release|Any CPU
		{82242E6E-6965-47A3-ADDC-657A5C81DCE4}.Debug|Any CPU.ActiveCfg = Debug|Any CPU
		{82242E6E-6965-47A3-ADDC-657A5C81DCE4}.Debug|Any CPU.Build.0 = Debug|Any CPU
		{82242E6E-6965-47A3-ADDC-657A5C81DCE4}.Release|Any CPU.ActiveCfg = Release|Any CPU
		{82242E6E-6965-47A3-ADDC-657A5C81DCE4}.Release|Any CPU.Build.0 = Release|Any CPU
		{D50926C6-912D-42AD-B7FF-2F0B5AD6E010}.Debug|Any CPU.ActiveCfg = Debug|Any CPU
		{D50926C6-912D-42AD-B7FF-2F0B5AD6E010}.Debug|Any CPU.Build.0 = Debug|Any CPU
		{D50926C6-912D-42AD-B7FF-2F0B5AD6E010}.Release|Any CPU.ActiveCfg = Release|Any CPU
		{D50926C6-912D-42AD-B7FF-2F0B5AD6E010}.Release|Any CPU.Build.0 = Release|Any CPU
		{389DE230-0091-4CC2-9E5D-9B3849B3C672}.Debug|Any CPU.ActiveCfg = Debug|Any CPU
		{389DE230-0091-4CC2-9E5D-9B3849B3C672}.Debug|Any CPU.Build.0 = Debug|Any CPU
		{389DE230-0091-4CC2-9E5D-9B3849B3C672}.Release|Any CPU.ActiveCfg = Release|Any CPU
		{389DE230-0091-4CC2-9E5D-9B3849B3C672}.Release|Any CPU.Build.0 = Release|Any CPU
		{B4964610-5FDB-487E-81D4-C57DFE38F3E5}.Debug|Any CPU.ActiveCfg = Debug|Any CPU
		{B4964610-5FDB-487E-81D4-C57DFE38F3E5}.Debug|Any CPU.Build.0 = Debug|Any CPU
		{B4964610-5FDB-487E-81D4-C57DFE38F3E5}.Release|Any CPU.ActiveCfg = Release|Any CPU
		{B4964610-5FDB-487E-81D4-C57DFE38F3E5}.Release|Any CPU.Build.0 = Release|Any CPU
		{9428B6D7-D954-4481-91EE-A382132F555B}.Debug|Any CPU.ActiveCfg = Debug|Any CPU
		{9428B6D7-D954-4481-91EE-A382132F555B}.Debug|Any CPU.Build.0 = Debug|Any CPU
		{9428B6D7-D954-4481-91EE-A382132F555B}.Release|Any CPU.ActiveCfg = Release|Any CPU
		{9428B6D7-D954-4481-91EE-A382132F555B}.Release|Any CPU.Build.0 = Release|Any CPU
		{C9F962DC-1DBC-4837-A667-AE1DEF426EA3}.Debug|Any CPU.ActiveCfg = Debug|Any CPU
		{C9F962DC-1DBC-4837-A667-AE1DEF426EA3}.Debug|Any CPU.Build.0 = Debug|Any CPU
		{C9F962DC-1DBC-4837-A667-AE1DEF426EA3}.Release|Any CPU.ActiveCfg = Release|Any CPU
		{C9F962DC-1DBC-4837-A667-AE1DEF426EA3}.Release|Any CPU.Build.0 = Release|Any CPU
		{DD43168A-D9C0-4F70-933B-78C91D3A7884}.Debug|Any CPU.ActiveCfg = Debug|Any CPU
		{DD43168A-D9C0-4F70-933B-78C91D3A7884}.Debug|Any CPU.Build.0 = Debug|Any CPU
		{DD43168A-D9C0-4F70-933B-78C91D3A7884}.Release|Any CPU.ActiveCfg = Release|Any CPU
		{DD43168A-D9C0-4F70-933B-78C91D3A7884}.Release|Any CPU.Build.0 = Release|Any CPU
		{4C370788-8B7C-4E3A-9BB4-96EEDE993D9D}.Debug|Any CPU.ActiveCfg = Debug|Any CPU
		{4C370788-8B7C-4E3A-9BB4-96EEDE993D9D}.Debug|Any CPU.Build.0 = Debug|Any CPU
		{4C370788-8B7C-4E3A-9BB4-96EEDE993D9D}.Release|Any CPU.ActiveCfg = Release|Any CPU
		{4C370788-8B7C-4E3A-9BB4-96EEDE993D9D}.Release|Any CPU.Build.0 = Release|Any CPU
	EndGlobalSection
	GlobalSection(SolutionProperties) = preSolution
		HideSolutionNode = FALSE
	EndGlobalSection
	GlobalSection(ExtensibilityGlobals) = postSolution
		SolutionGuid = {36678E40-D6C7-4FA3-B915-2378A30EB2DD}
	EndGlobalSection
	GlobalSection(NestedProjects) = preSolution
		{86D7F198-971D-4DEA-BF22-6BBEE9D14490} = {A33BB951-73A0-495C-8B37-7E246B69D879}
		{7000C090-DFD9-4E11-88B6-7B97CA1F989A} = {14444E2E-1035-4AB1-BB56-ADE4223D419C}
		{82242E6E-6965-47A3-ADDC-657A5C81DCE4} = {14444E2E-1035-4AB1-BB56-ADE4223D419C}
		{D50926C6-912D-42AD-B7FF-2F0B5AD6E010} = {14444E2E-1035-4AB1-BB56-ADE4223D419C}
		{389DE230-0091-4CC2-9E5D-9B3849B3C672} = {14444E2E-1035-4AB1-BB56-ADE4223D419C}
		{B4964610-5FDB-487E-81D4-C57DFE38F3E5} = {5A717DD5-DAE1-4C76-BA6F-E60438703E3B}
		{9428B6D7-D954-4481-91EE-A382132F555B} = {14444E2E-1035-4AB1-BB56-ADE4223D419C}
		{C9F962DC-1DBC-4837-A667-AE1DEF426EA3} = {14444E2E-1035-4AB1-BB56-ADE4223D419C}
		{DD43168A-D9C0-4F70-933B-78C91D3A7884} = {14444E2E-1035-4AB1-BB56-ADE4223D419C}
		{4C370788-8B7C-4E3A-9BB4-96EEDE993D9D} = {E29E4E7F-D811-41F2-86AB-08403CCAD14D}
	EndGlobalSection
EndGlobal
